<?xml version="1.0" encoding="utf-8"?>
<Project ToolsVersion="4.0" xmlns="http://schemas.microsoft.com/developer/msbuild/2003">
  <ItemGroup>
    <Filter Include="소스 파일">
      <UniqueIdentifier>{4FC737F1-C7A5-4376-A066-2A32D752A2FF}</UniqueIdentifier>
      <Extensions>cpp;c;cc;cxx;def;odl;idl;hpj;bat;asm;asmx</Extensions>
    </Filter>
    <Filter Include="헤더 파일">
      <UniqueIdentifier>{93995380-89BD-4b04-88EB-625FBE52EBFB}</UniqueIdentifier>
      <Extensions>h;hh;hpp;hxx;hm;inl;inc;ipp;xsd</Extensions>
    </Filter>
    <Filter Include="리소스 파일">
      <UniqueIdentifier>{67DA6AB6-F800-4c08-8B7A-83BB121AAD01}</UniqueIdentifier>
      <Extensions>rc;ico;cur;bmp;dlg;rc2;rct;bin;rgs;gif;jpg;jpeg;jpe;resx;tiff;tif;png;wav;mfcribbon-ms</Extensions>
    </Filter>
    <Filter Include="소스 파일\Object">
      <UniqueIdentifier>{5db7d968-41a3-4ba4-8f0f-86bea95c6ef0}</UniqueIdentifier>
    </Filter>
    <Filter Include="소스 파일\Object\Tile">
      <UniqueIdentifier>{438218fb-5cdd-4704-ace9-7c14b6f3c503}</UniqueIdentifier>
    </Filter>
    <Filter Include="소스 파일\Object\Character">
      <UniqueIdentifier>{b0e6f6e2-6088-4b2b-9f55-c9559f099d62}</UniqueIdentifier>
    </Filter>
    <Filter Include="소스 파일\Object\Car">
      <UniqueIdentifier>{f29e1a73-f8a3-47bf-b8d1-0c723f39d8fc}</UniqueIdentifier>
    </Filter>
    <Filter Include="소스 파일\Object\Obstacle">
      <UniqueIdentifier>{28f5e941-4362-4558-9072-ba2755efdb19}</UniqueIdentifier>
    </Filter>
    <Filter Include="소스 파일\Object\Object">
      <UniqueIdentifier>{6c277e3a-6b1f-43a7-8628-a8b737091d0f}</UniqueIdentifier>
    </Filter>
  </ItemGroup>
  <ItemGroup>
    <ClCompile Include="main.cpp">
      <Filter>소스 파일</Filter>
    </ClCompile>
    <ClCompile Include="Tile.cpp">
      <Filter>소스 파일\Object\Tile</Filter>
    </ClCompile>
    <ClCompile Include="Car.cpp">
      <Filter>소스 파일\Object\Car</Filter>
    </ClCompile>
    <ClCompile Include="Obstacle.cpp">
      <Filter>소스 파일\Object\Obstacle</Filter>
    </ClCompile>
    <ClCompile Include="Chicken.cpp">
      <Filter>소스 파일\Object\Character</Filter>
    </ClCompile>
    <ClCompile Include="Object.cpp">
      <Filter>소스 파일\Object\Object</Filter>
    </ClCompile>
  </ItemGroup>
  <ItemGroup>
    <ClInclude Include="global variable.h">
      <Filter>헤더 파일</Filter>
    </ClInclude>
    <ClInclude Include="Define.h">
      <Filter>헤더 파일</Filter>
    </ClInclude>
    <ClInclude Include="Tile.h">
      <Filter>소스 파일\Object\Tile</Filter>
    </ClInclude>
    <ClInclude Include="Struct.h">
      <Filter>헤더 파일</Filter>
    </ClInclude>
    <ClInclude Include="Car.h">
      <Filter>소스 파일\Object\Car</Filter>
    </ClInclude>
    <ClInclude Include="Obstacle.h">
      <Filter>소스 파일\Object\Obstacle</Filter>
    </ClInclude>
    <ClInclude Include="Chicken.h">
      <Filter>소스 파일\Object\Character</Filter>
    </ClInclude>
    <ClInclude Include="Object.h">
      <Filter>소스 파일\Object\Object</Filter>
    </ClInclude>
  </ItemGroup>
</Project>