<?xml version="1.0" encoding="utf-8"?>
<Project ToolsVersion="4.0" xmlns="http://schemas.microsoft.com/developer/msbuild/2003">
  <ItemGroup>
    <Filter Include="소스 파일">
      <UniqueIdentifier>{4FC737F1-C7A5-4376-A066-2A32D752A2FF}</UniqueIdentifier>
      <Extensions>cpp;c;cc;cxx;def;odl;idl;hpj;bat;asm;asmx</Extensions>
    </Filter>
    <Filter Include="헤더 파일">
      <UniqueIdentifier>{93995380-89BD-4b04-88EB-625FBE52EBFB}</UniqueIdentifier>
      <Extensions>h;hh;hpp;hxx;hm;inl;inc;ipp;xsd</Extensions>
    </Filter>
    <Filter Include="리소스 파일">
      <UniqueIdentifier>{67DA6AB6-F800-4c08-8B7A-83BB121AAD01}</UniqueIdentifier>
      <Extensions>rc;ico;cur;bmp;dlg;rc2;rct;bin;rgs;gif;jpg;jpeg;jpe;resx;tiff;tif;png;wav;mfcribbon-ms</Extensions>
    </Filter>
    <Filter Include="소스 파일\00_ENTRY">
      <UniqueIdentifier>{7ed19f69-c4d4-4fab-9e0a-8fcbe16fa945}</UniqueIdentifier>
    </Filter>
    <Filter Include="소스 파일\01_SCENE">
      <UniqueIdentifier>{5ec4850b-cb6f-4215-8dd3-92fc1095b8a4}</UniqueIdentifier>
    </Filter>
    <Filter Include="소스 파일\01_SCENE\00_BASE">
      <UniqueIdentifier>{3be66fa8-d638-4c2c-8ecf-2e7ff2ccc091}</UniqueIdentifier>
    </Filter>
    <Filter Include="소스 파일\01_SCENE\01_INSTANCE">
      <UniqueIdentifier>{f4de8e8e-5c4f-4a49-be2a-f5659e533c8b}</UniqueIdentifier>
    </Filter>
    <Filter Include="소스 파일\02_OBJECT">
      <UniqueIdentifier>{a6cc11b8-7cb4-49f9-8f8e-2f66c82c77a3}</UniqueIdentifier>
    </Filter>
    <Filter Include="소스 파일\02_OBJECT\00_CORE">
      <UniqueIdentifier>{040da187-4e65-4a04-b3a2-469f61b53b08}</UniqueIdentifier>
    </Filter>
    <Filter Include="소스 파일\02_OBJECT\01_BASE">
      <UniqueIdentifier>{7f3508c8-2465-4f95-bea8-c3bb74127b5b}</UniqueIdentifier>
    </Filter>
    <Filter Include="소스 파일\02_OBJECT\02_BASIC">
      <UniqueIdentifier>{bbb7bc3b-d37d-4d46-ba1f-0efe5708fae7}</UniqueIdentifier>
    </Filter>
  </ItemGroup>
  <ItemGroup>
    <ClCompile Include="controls.cpp">
      <Filter>소스 파일</Filter>
    </ClCompile>
    <ClCompile Include="App.cpp">
      <Filter>소스 파일\00_ENTRY</Filter>
    </ClCompile>
    <ClCompile Include="main.cpp">
      <Filter>소스 파일\00_ENTRY</Filter>
    </ClCompile>
    <ClCompile Include="GameScene.cpp">
      <Filter>소스 파일\01_SCENE\01_INSTANCE</Filter>
    </ClCompile>
    <ClCompile Include="Scene.cpp">
      <Filter>소스 파일\01_SCENE\00_BASE</Filter>
    </ClCompile>
    <ClCompile Include="objloader.cpp">
      <Filter>소스 파일\02_OBJECT\00_CORE</Filter>
    </ClCompile>
    <ClCompile Include="shader.cpp">
      <Filter>소스 파일\02_OBJECT\00_CORE</Filter>
    </ClCompile>
    <ClCompile Include="texture.cpp">
      <Filter>소스 파일\02_OBJECT\00_CORE</Filter>
    </ClCompile>
    <ClCompile Include="Object.cpp">
      <Filter>소스 파일\02_OBJECT\01_BASE</Filter>
    </ClCompile>
    <ClCompile Include="Object3d.cpp">
      <Filter>소스 파일\02_OBJECT\02_BASIC</Filter>
    </ClCompile>
  </ItemGroup>
  <ItemGroup>
    <ClInclude Include="App.h">
      <Filter>소스 파일\00_ENTRY</Filter>
    </ClInclude>
    <ClInclude Include="GameScene.h">
      <Filter>소스 파일\01_SCENE\01_INSTANCE</Filter>
    </ClInclude>
    <ClInclude Include="Scene.h">
      <Filter>소스 파일\01_SCENE\00_BASE</Filter>
    </ClInclude>
    <ClInclude Include="objloader.hpp">
      <Filter>소스 파일\02_OBJECT\00_CORE</Filter>
    </ClInclude>
    <ClInclude Include="shader.hpp">
      <Filter>소스 파일\02_OBJECT\00_CORE</Filter>
    </ClInclude>
    <ClInclude Include="texture.hpp">
      <Filter>소스 파일\02_OBJECT\00_CORE</Filter>
    </ClInclude>
    <ClInclude Include="Object.h">
      <Filter>소스 파일\02_OBJECT\01_BASE</Filter>
    </ClInclude>
    <ClInclude Include="Object3d.h">
      <Filter>소스 파일\02_OBJECT\02_BASIC</Filter>
    </ClInclude>
    <ClInclude Include="controls.hpp">
      <Filter>헤더 파일</Filter>
    </ClInclude>
  </ItemGroup>
</Project>