<?xml version="1.0" encoding="utf-8"?>
<Project ToolsVersion="4.0" xmlns="http://schemas.microsoft.com/developer/msbuild/2003">
  <ItemGroup>
    <Filter Include="00.MainGame">
      <UniqueIdentifier>{72b5d6cf-da74-49f9-a265-2a13b4518dde}</UniqueIdentifier>
    </Filter>
    <Filter Include="98.Headers">
      <UniqueIdentifier>{e39ec633-e498-4111-8081-6174a971a880}</UniqueIdentifier>
    </Filter>
    <Filter Include="99.Default">
      <UniqueIdentifier>{18cdb83a-3901-4295-93b4-2b6f9a656efa}</UniqueIdentifier>
    </Filter>
    <Filter Include="99.Default\리소스 파일">
      <UniqueIdentifier>{67DA6AB6-F800-4c08-8B7A-83BB121AAD01}</UniqueIdentifier>
      <Extensions>rc;ico;cur;bmp;dlg;rc2;rct;bin;rgs;gif;jpg;jpeg;jpe;resx;tiff;tif;png;wav;mfcribbon-ms</Extensions>
    </Filter>
    <Filter Include="99.Default\소스 파일">
      <UniqueIdentifier>{4FC737F1-C7A5-4376-A066-2A32D752A2FF}</UniqueIdentifier>
      <Extensions>cpp;c;cc;cxx;def;odl;idl;hpj;bat;asm;asmx</Extensions>
    </Filter>
    <Filter Include="99.Default\헤더 파일">
      <UniqueIdentifier>{93995380-89BD-4b04-88EB-625FBE52EBFB}</UniqueIdentifier>
      <Extensions>h;hh;hpp;hxx;hm;inl;inc;xsd</Extensions>
    </Filter>
    <Filter Include="01.Object">
      <UniqueIdentifier>{c830b29d-3ccb-42b3-86c9-006894e5b877}</UniqueIdentifier>
    </Filter>
    <Filter Include="01.Object\00.Player">
      <UniqueIdentifier>{7b07621c-a29d-4596-93bb-c0a23aa03928}</UniqueIdentifier>
    </Filter>
    <Filter Include="01.Object\01.Bullet">
      <UniqueIdentifier>{398141ff-b393-4eb7-8740-9123efffb823}</UniqueIdentifier>
    </Filter>
    <Filter Include="01.Object\02.Monster">
      <UniqueIdentifier>{40c88794-d8fc-4eb9-948f-251cc444da74}</UniqueIdentifier>
    </Filter>
    <Filter Include="01.Object\03.Mouse">
      <UniqueIdentifier>{85b8dc22-60a9-4f93-8a04-6527d289f937}</UniqueIdentifier>
    </Filter>
  </ItemGroup>
  <ItemGroup>
    <Text Include="ReadMe.txt" />
  </ItemGroup>
  <ItemGroup>
    <ClInclude Include="stdafx.h">
      <Filter>99.Default\헤더 파일</Filter>
    </ClInclude>
    <ClInclude Include="targetver.h">
      <Filter>99.Default\헤더 파일</Filter>
    </ClInclude>
    <ClInclude Include="Resource.h">
      <Filter>99.Default\헤더 파일</Filter>
    </ClInclude>
    <ClInclude Include="Client.h">
      <Filter>99.Default\헤더 파일</Filter>
    </ClInclude>
    <ClInclude Include="Define.h">
      <Filter>98.Headers</Filter>
    </ClInclude>
    <ClInclude Include="Maingame.h">
      <Filter>00.MainGame</Filter>
    </ClInclude>
    <ClInclude Include="Extern.h">
      <Filter>98.Headers</Filter>
    </ClInclude>
    <ClInclude Include="Struct.h">
      <Filter>98.Headers</Filter>
    </ClInclude>
    <ClInclude Include="Obj.h">
      <Filter>01.Object</Filter>
    </ClInclude>
    <ClInclude Include="Function.h">
      <Filter>98.Headers</Filter>
    </ClInclude>
    <ClInclude Include="Player.h">
      <Filter>01.Object\00.Player</Filter>
    </ClInclude>
    <ClInclude Include="Bullet.h">
      <Filter>01.Object\01.Bullet</Filter>
    </ClInclude>
    <ClInclude Include="Typedef.h">
      <Filter>98.Headers</Filter>
    </ClInclude>
    <ClInclude Include="Enum.h">
      <Filter>98.Headers</Filter>
    </ClInclude>
    <ClInclude Include="Monster.h">
      <Filter>99.Default\헤더 파일</Filter>
    </ClInclude>
    <ClInclude Include="AbsractFactory.h">
      <Filter>98.Headers</Filter>
    </ClInclude>
    <ClInclude Include="Mouse.h">
      <Filter>99.Default\헤더 파일</Filter>
    </ClInclude>
  </ItemGroup>
  <ItemGroup>
    <ClCompile Include="stdafx.cpp">
      <Filter>99.Default\소스 파일</Filter>
    </ClCompile>
    <ClCompile Include="Client.cpp">
      <Filter>99.Default\소스 파일</Filter>
    </ClCompile>
    <ClCompile Include="Maingame.cpp">
      <Filter>00.MainGame</Filter>
    </ClCompile>
    <ClCompile Include="Obj.cpp">
      <Filter>01.Object</Filter>
    </ClCompile>
    <ClCompile Include="Player.cpp">
      <Filter>01.Object\00.Player</Filter>
    </ClCompile>
    <ClCompile Include="Bullet.cpp">
      <Filter>01.Object\01.Bullet</Filter>
    </ClCompile>
    <ClCompile Include="Monster.cpp">
      <Filter>99.Default\소스 파일</Filter>
    </ClCompile>
    <ClCompile Include="Mouse.cpp">
      <Filter>99.Default\소스 파일</Filter>
    </ClCompile>
  </ItemGroup>
  <ItemGroup>
    <Image Include="Client.ico">
      <Filter>99.Default\리소스 파일</Filter>
    </Image>
    <Image Include="small.ico">
      <Filter>99.Default\리소스 파일</Filter>
    </Image>
  </ItemGroup>
  <ItemGroup>
    <ResourceCompile Include="Client.rc">
      <Filter>99.Default\리소스 파일</Filter>
    </ResourceCompile>
  </ItemGroup>
</Project>